
Microsoft Visual Studio Solution File, Format Version 12.00
# Visual Studio Version 17
VisualStudioVersion = 17.10.35004.147
MinimumVisualStudioVersion = 10.0.40219.1
Project("{FAE04EC0-301F-11D3-BF4B-00C04F79EFBC}") = "Notepad", "Notepad.csproj", "{E721DDE2-0EB3-485E-8C7F-049A55509ECA}"
EndProject
Global
	GlobalSection(SolutionConfigurationPlatforms) = preSolution
		Debug|Any CPU = Debug|Any CPU
		Release|Any CPU = Release|Any CPU
	EndGlobalSection
	GlobalSection(ProjectConfigurationPlatforms) = postSolution
		{E721DDE2-0EB3-485E-8C7F-049A55509ECA}.Debug|Any CPU.ActiveCfg = Debug|Any CPU
		{E721DDE2-0EB3-485E-8C7F-049A55509ECA}.Debug|Any CPU.Build.0 = Debug|Any CPU
		{E721DDE2-0EB3-485E-8C7F-049A55509ECA}.Release|Any CPU.ActiveCfg = Release|Any CPU
		{E721DDE2-0EB3-485E-8C7F-049A55509ECA}.Release|Any CPU.Build.0 = Release|Any CPU
	EndGlobalSection
	GlobalSection(SolutionProperties) = preSolution
		HideSolutionNode = FALSE
	EndGlobalSection
	GlobalSection(ExtensibilityGlobals) = postSolution
		SolutionGuid = {BF93163E-941E-4CDF-BC96-8E9203213D43}
	EndGlobalSection
EndGlobal
